
Microsoft Visual Studio Solution File, Format Version 12.00
# Visual Studio 15
VisualStudioVersion = 15.0.28307.329
MinimumVisualStudioVersion = 10.0.40219.1
Project("{FAE04EC0-301F-11D3-BF4B-00C04F79EFBC}") = "Kibiriukas", "Kibiriukas\Kibiriukas.csproj", "{E83608FD-B0F2-4BE1-9597-183B4858BE2A}"
EndProject
Global
	GlobalSection(SolutionConfigurationPlatforms) = preSolution
		Debug|Any CPU = Debug|Any CPU
		Release|Any CPU = Release|Any CPU
	EndGlobalSection
	GlobalSection(ProjectConfigurationPlatforms) = postSolution
		{E83608FD-B0F2-4BE1-9597-183B4858BE2A}.Debug|Any CPU.ActiveCfg = Debug|Any CPU
		{E83608FD-B0F2-4BE1-9597-183B4858BE2A}.Debug|Any CPU.Build.0 = Debug|Any CPU
		{E83608FD-B0F2-4BE1-9597-183B4858BE2A}.Release|Any CPU.ActiveCfg = Release|Any CPU
		{E83608FD-B0F2-4BE1-9597-183B4858BE2A}.Release|Any CPU.Build.0 = Release|Any CPU
	EndGlobalSection
	GlobalSection(SolutionProperties) = preSolution
		HideSolutionNode = FALSE
	EndGlobalSection
	GlobalSection(ExtensibilityGlobals) = postSolution
		SolutionGuid = {DD19A6A1-B061-46C7-89D2-4324131A4EBF}
	EndGlobalSection
EndGlobal
